<?xml version="1.0" encoding="utf-8"?>
<Project ToolsVersion="4.0" xmlns="http://schemas.microsoft.com/developer/msbuild/2003">
  <ItemGroup>
    <ClInclude Include="include\client.h" />
    <ClInclude Include="include\client_observer.h" />
    <ClInclude Include="include\pipe_ret_t.h" />
    <ClInclude Include="include\server_observer.h" />
    <ClInclude Include="include\tcp_client.h" />
    <ClInclude Include="include\tcp_server.h" />
  </ItemGroup>
  <ItemGroup>
    <ClCompile Include="src\client.cpp" />
    <ClCompile Include="src\tcp_client.cpp" />
    <ClCompile Include="src\tcp_server.cpp" />
    <ClCompile Include="client_example.cpp" />
    <ClCompile Include="server_example.cpp" />
  </ItemGroup>
  <ItemGroup>
    <Text Include="CMakeLists.txt" />
  </ItemGroup>
</Project>